
Microsoft Visual Studio Solution File, Format Version 12.00
# Visual Studio Version 17
VisualStudioVersion = 17.8.34511.84
MinimumVisualStudioVersion = 10.0.40219.1
Project("{FAE04EC0-301F-11D3-BF4B-00C04F79EFBC}") = "HelpDeskSystem", "HelpDeskSystem.csproj", "{7D4A1689-2BB0-4E53-A11C-E34CD8F9AA4D}"
EndProject
Global
	GlobalSection(SolutionConfigurationPlatforms) = preSolution
		Debug|Any CPU = Debug|Any CPU
		Release|Any CPU = Release|Any CPU
	EndGlobalSection
	GlobalSection(ProjectConfigurationPlatforms) = postSolution
		{7D4A1689-2BB0-4E53-A11C-E34CD8F9AA4D}.Debug|Any CPU.ActiveCfg = Debug|Any CPU
		{7D4A1689-2BB0-4E53-A11C-E34CD8F9AA4D}.Debug|Any CPU.Build.0 = Debug|Any CPU
		{7D4A1689-2BB0-4E53-A11C-E34CD8F9AA4D}.Release|Any CPU.ActiveCfg = Release|Any CPU
		{7D4A1689-2BB0-4E53-A11C-E34CD8F9AA4D}.Release|Any CPU.Build.0 = Release|Any CPU
	EndGlobalSection
	GlobalSection(SolutionProperties) = preSolution
		HideSolutionNode = FALSE
	EndGlobalSection
	GlobalSection(ExtensibilityGlobals) = postSolution
		SolutionGuid = {19086EB6-7374-4614-B70F-21461662902E}
	EndGlobalSection
EndGlobal
